
Microsoft Visual Studio Solution File, Format Version 12.00
# Visual Studio 15
VisualStudioVersion = 15.0.26430.14
MinimumVisualStudioVersion = 10.0.40219.1
Project("{FAE04EC0-301F-11D3-BF4B-00C04F79EFBC}") = "BowlingKataTwo", "BowlingKataTwo.csproj", "{F26E3D86-E64A-4CB7-8AF2-D2EF12F0F906}"
EndProject
Project("{FAE04EC0-301F-11D3-BF4B-00C04F79EFBC}") = "UnitTestProject1", "..\UnitTestProject1\UnitTestProject1.csproj", "{6162D161-A438-48F5-9A51-5CD9DAF40307}"
EndProject
Global
	GlobalSection(SolutionConfigurationPlatforms) = preSolution
		Debug|Any CPU = Debug|Any CPU
		Release|Any CPU = Release|Any CPU
	EndGlobalSection
	GlobalSection(ProjectConfigurationPlatforms) = postSolution
		{F26E3D86-E64A-4CB7-8AF2-D2EF12F0F906}.Debug|Any CPU.ActiveCfg = Debug|Any CPU
		{F26E3D86-E64A-4CB7-8AF2-D2EF12F0F906}.Debug|Any CPU.Build.0 = Debug|Any CPU
		{F26E3D86-E64A-4CB7-8AF2-D2EF12F0F906}.Release|Any CPU.ActiveCfg = Release|Any CPU
		{F26E3D86-E64A-4CB7-8AF2-D2EF12F0F906}.Release|Any CPU.Build.0 = Release|Any CPU
		{6162D161-A438-48F5-9A51-5CD9DAF40307}.Debug|Any CPU.ActiveCfg = Debug|Any CPU
		{6162D161-A438-48F5-9A51-5CD9DAF40307}.Debug|Any CPU.Build.0 = Debug|Any CPU
		{6162D161-A438-48F5-9A51-5CD9DAF40307}.Release|Any CPU.ActiveCfg = Release|Any CPU
		{6162D161-A438-48F5-9A51-5CD9DAF40307}.Release|Any CPU.Build.0 = Release|Any CPU
	EndGlobalSection
	GlobalSection(SolutionProperties) = preSolution
		HideSolutionNode = FALSE
	EndGlobalSection
EndGlobal
